
Microsoft Visual Studio Solution File, Format Version 12.00
# Visual Studio 15
VisualStudioVersion = 15.0.26430.16
MinimumVisualStudioVersion = 10.0.40219.1
Project("{D954291E-2A0B-460D-934E-DC6B0785DB48}") = "Antvan_Radio", "Antvan Radio\Antvan_Radio\Antvan_Radio.shproj", "{3E59B5D6-FA0F-4C6E-A8DA-DB0632D5EC74}"
EndProject
Project("{FAE04EC0-301F-11D3-BF4B-00C04F79EFBC}") = "Antvan_Radio.Android", "Antvan Radio\Antvan_Radio.Android\Antvan_Radio.Android.csproj", "{57B20C4A-97E2-4043-8A0F-6062DDF23DE5}"
EndProject
Project("{FAE04EC0-301F-11D3-BF4B-00C04F79EFBC}") = "Antvan_Radio.iOS", "Antvan Radio\Antvan_Radio.iOS\Antvan_Radio.iOS.csproj", "{98E8155E-F593-435A-B499-7098E25FD75F}"
EndProject
Global
	GlobalSection(SharedMSBuildProjectFiles) = preSolution
		Antvan Radio\Antvan_Radio\Antvan_Radio.projitems*{3e59b5d6-fa0f-4c6e-a8da-db0632d5ec74}*SharedItemsImports = 13
		Antvan Radio\Antvan_Radio\Antvan_Radio.projitems*{57b20c4a-97e2-4043-8a0f-6062ddf23de5}*SharedItemsImports = 4
		Antvan Radio\Antvan_Radio\Antvan_Radio.projitems*{98e8155e-f593-435a-b499-7098e25fd75f}*SharedItemsImports = 4
	EndGlobalSection
	GlobalSection(SolutionConfigurationPlatforms) = preSolution
		Ad-Hoc|Any CPU = Ad-Hoc|Any CPU
		Ad-Hoc|iPhone = Ad-Hoc|iPhone
		Ad-Hoc|iPhoneSimulator = Ad-Hoc|iPhoneSimulator
		AppStore|Any CPU = AppStore|Any CPU
		AppStore|iPhone = AppStore|iPhone
		AppStore|iPhoneSimulator = AppStore|iPhoneSimulator
		Debug|Any CPU = Debug|Any CPU
		Debug|iPhone = Debug|iPhone
		Debug|iPhoneSimulator = Debug|iPhoneSimulator
		Release|Any CPU = Release|Any CPU
		Release|iPhone = Release|iPhone
		Release|iPhoneSimulator = Release|iPhoneSimulator
	EndGlobalSection
	GlobalSection(ProjectConfigurationPlatforms) = postSolution
		{57B20C4A-97E2-4043-8A0F-6062DDF23DE5}.Ad-Hoc|Any CPU.ActiveCfg = Release|Any CPU
		{57B20C4A-97E2-4043-8A0F-6062DDF23DE5}.Ad-Hoc|Any CPU.Build.0 = Release|Any CPU
		{57B20C4A-97E2-4043-8A0F-6062DDF23DE5}.Ad-Hoc|Any CPU.Deploy.0 = Release|Any CPU
		{57B20C4A-97E2-4043-8A0F-6062DDF23DE5}.Ad-Hoc|iPhone.ActiveCfg = Release|Any CPU
		{57B20C4A-97E2-4043-8A0F-6062DDF23DE5}.Ad-Hoc|iPhone.Build.0 = Release|Any CPU
		{57B20C4A-97E2-4043-8A0F-6062DDF23DE5}.Ad-Hoc|iPhone.Deploy.0 = Release|Any CPU
		{57B20C4A-97E2-4043-8A0F-6062DDF23DE5}.Ad-Hoc|iPhoneSimulator.ActiveCfg = Release|Any CPU
		{57B20C4A-97E2-4043-8A0F-6062DDF23DE5}.Ad-Hoc|iPhoneSimulator.Build.0 = Release|Any CPU
		{57B20C4A-97E2-4043-8A0F-6062DDF23DE5}.Ad-Hoc|iPhoneSimulator.Deploy.0 = Release|Any CPU
		{57B20C4A-97E2-4043-8A0F-6062DDF23DE5}.AppStore|Any CPU.ActiveCfg = Release|Any CPU
		{57B20C4A-97E2-4043-8A0F-6062DDF23DE5}.AppStore|Any CPU.Build.0 = Release|Any CPU
		{57B20C4A-97E2-4043-8A0F-6062DDF23DE5}.AppStore|Any CPU.Deploy.0 = Release|Any CPU
		{57B20C4A-97E2-4043-8A0F-6062DDF23DE5}.AppStore|iPhone.ActiveCfg = Release|Any CPU
		{57B20C4A-97E2-4043-8A0F-6062DDF23DE5}.AppStore|iPhone.Build.0 = Release|Any CPU
		{57B20C4A-97E2-4043-8A0F-6062DDF23DE5}.AppStore|iPhone.Deploy.0 = Release|Any CPU
		{57B20C4A-97E2-4043-8A0F-6062DDF23DE5}.AppStore|iPhoneSimulator.ActiveCfg = Release|Any CPU
		{57B20C4A-97E2-4043-8A0F-6062DDF23DE5}.AppStore|iPhoneSimulator.Build.0 = Release|Any CPU
		{57B20C4A-97E2-4043-8A0F-6062DDF23DE5}.AppStore|iPhoneSimulator.Deploy.0 = Release|Any CPU
		{57B20C4A-97E2-4043-8A0F-6062DDF23DE5}.Debug|Any CPU.ActiveCfg = Debug|Any CPU
		{57B20C4A-97E2-4043-8A0F-6062DDF23DE5}.Debug|Any CPU.Build.0 = Debug|Any CPU
		{57B20C4A-97E2-4043-8A0F-6062DDF23DE5}.Debug|Any CPU.Deploy.0 = Debug|Any CPU
		{57B20C4A-97E2-4043-8A0F-6062DDF23DE5}.Debug|iPhone.ActiveCfg = Debug|Any CPU
		{57B20C4A-97E2-4043-8A0F-6062DDF23DE5}.Debug|iPhone.Build.0 = Debug|Any CPU
		{57B20C4A-97E2-4043-8A0F-6062DDF23DE5}.Debug|iPhone.Deploy.0 = Debug|Any CPU
		{57B20C4A-97E2-4043-8A0F-6062DDF23DE5}.Debug|iPhoneSimulator.ActiveCfg = Debug|Any CPU
		{57B20C4A-97E2-4043-8A0F-6062DDF23DE5}.Debug|iPhoneSimulator.Build.0 = Debug|Any CPU
		{57B20C4A-97E2-4043-8A0F-6062DDF23DE5}.Debug|iPhoneSimulator.Deploy.0 = Debug|Any CPU
		{57B20C4A-97E2-4043-8A0F-6062DDF23DE5}.Release|Any CPU.ActiveCfg = Release|Any CPU
		{57B20C4A-97E2-4043-8A0F-6062DDF23DE5}.Release|Any CPU.Build.0 = Release|Any CPU
		{57B20C4A-97E2-4043-8A0F-6062DDF23DE5}.Release|Any CPU.Deploy.0 = Release|Any CPU
		{57B20C4A-97E2-4043-8A0F-6062DDF23DE5}.Release|iPhone.ActiveCfg = Release|Any CPU
		{57B20C4A-97E2-4043-8A0F-6062DDF23DE5}.Release|iPhone.Build.0 = Release|Any CPU
		{57B20C4A-97E2-4043-8A0F-6062DDF23DE5}.Release|iPhone.Deploy.0 = Release|Any CPU
		{57B20C4A-97E2-4043-8A0F-6062DDF23DE5}.Release|iPhoneSimulator.ActiveCfg = Release|Any CPU
		{57B20C4A-97E2-4043-8A0F-6062DDF23DE5}.Release|iPhoneSimulator.Build.0 = Release|Any CPU
		{57B20C4A-97E2-4043-8A0F-6062DDF23DE5}.Release|iPhoneSimulator.Deploy.0 = Release|Any CPU
		{98E8155E-F593-435A-B499-7098E25FD75F}.Ad-Hoc|Any CPU.ActiveCfg = Ad-Hoc|iPhone
		{98E8155E-F593-435A-B499-7098E25FD75F}.Ad-Hoc|iPhone.ActiveCfg = Ad-Hoc|iPhone
		{98E8155E-F593-435A-B499-7098E25FD75F}.Ad-Hoc|iPhone.Build.0 = Ad-Hoc|iPhone
		{98E8155E-F593-435A-B499-7098E25FD75F}.Ad-Hoc|iPhoneSimulator.ActiveCfg = Ad-Hoc|iPhoneSimulator
		{98E8155E-F593-435A-B499-7098E25FD75F}.Ad-Hoc|iPhoneSimulator.Build.0 = Ad-Hoc|iPhoneSimulator
		{98E8155E-F593-435A-B499-7098E25FD75F}.AppStore|Any CPU.ActiveCfg = AppStore|iPhone
		{98E8155E-F593-435A-B499-7098E25FD75F}.AppStore|iPhone.ActiveCfg = AppStore|iPhone
		{98E8155E-F593-435A-B499-7098E25FD75F}.AppStore|iPhone.Build.0 = AppStore|iPhone
		{98E8155E-F593-435A-B499-7098E25FD75F}.AppStore|iPhoneSimulator.ActiveCfg = AppStore|iPhoneSimulator
		{98E8155E-F593-435A-B499-7098E25FD75F}.AppStore|iPhoneSimulator.Build.0 = AppStore|iPhoneSimulator
		{98E8155E-F593-435A-B499-7098E25FD75F}.Debug|Any CPU.ActiveCfg = Debug|iPhone
		{98E8155E-F593-435A-B499-7098E25FD75F}.Debug|iPhone.ActiveCfg = Debug|iPhone
		{98E8155E-F593-435A-B499-7098E25FD75F}.Debug|iPhone.Build.0 = Debug|iPhone
		{98E8155E-F593-435A-B499-7098E25FD75F}.Debug|iPhoneSimulator.ActiveCfg = Debug|iPhoneSimulator
		{98E8155E-F593-435A-B499-7098E25FD75F}.Debug|iPhoneSimulator.Build.0 = Debug|iPhoneSimulator
		{98E8155E-F593-435A-B499-7098E25FD75F}.Release|Any CPU.ActiveCfg = Release|iPhone
		{98E8155E-F593-435A-B499-7098E25FD75F}.Release|iPhone.ActiveCfg = Release|iPhone
		{98E8155E-F593-435A-B499-7098E25FD75F}.Release|iPhone.Build.0 = Release|iPhone
		{98E8155E-F593-435A-B499-7098E25FD75F}.Release|iPhoneSimulator.ActiveCfg = Release|iPhoneSimulator
		{98E8155E-F593-435A-B499-7098E25FD75F}.Release|iPhoneSimulator.Build.0 = Release|iPhoneSimulator
	EndGlobalSection
	GlobalSection(SolutionProperties) = preSolution
		HideSolutionNode = FALSE
	EndGlobalSection
EndGlobal
